
Microsoft Visual Studio Solution File, Format Version 12.00
# Visual Studio Version 17
VisualStudioVersion = 17.7.34031.279
MinimumVisualStudioVersion = 10.0.40219.1
Project("{2150E333-8FDC-42A3-9474-1A3956D46DE8}") = "Services", "Services", "{3EA77C80-A2A2-478F-90AC-D9BFE678BCBE}"
EndProject
Project("{2150E333-8FDC-42A3-9474-1A3956D46DE8}") = "Catalog", "Catalog", "{89AED968-6022-4AA6-9ACF-661A98F5C97A}"
EndProject
Project("{9A19103F-16F7-4668-BE54-9A1E7A4F7556}") = "Catalog.Api", "Services\Catalog\Catalog.Api\Catalog.Api.csproj", "{55FCF5FE-7845-41F1-9E28-245CDE918A05}"
EndProject
Project("{2150E333-8FDC-42A3-9474-1A3956D46DE8}") = "Order", "Order", "{96EB55DD-A323-4C28-A6A5-8737D86541E0}"
EndProject
Project("{2150E333-8FDC-42A3-9474-1A3956D46DE8}") = "Presentaion", "Presentaion", "{072097C1-C3D4-4D08-90B6-E437D4EC479D}"
EndProject
Project("{2150E333-8FDC-42A3-9474-1A3956D46DE8}") = "Application", "Application", "{66D25E83-D423-4ACB-89FC-B32D0C64BF6C}"
EndProject
Project("{2150E333-8FDC-42A3-9474-1A3956D46DE8}") = "Infrastructure", "Infrastructure", "{19DD89E4-A41D-4BB9-B79C-A4FFB0950C7D}"
EndProject
Project("{9A19103F-16F7-4668-BE54-9A1E7A4F7556}") = "Order.Api", "Services\Order\Presentation\Order.Api\Order.Api.csproj", "{540F60A2-BF5F-496F-AEA9-B4AD619BE640}"
EndProject
Project("{9A19103F-16F7-4668-BE54-9A1E7A4F7556}") = "Messaging", "Services\Order\Infrastructure\Messaging\Messaging\Messaging.csproj", "{4159FC75-9EE9-45BF-999A-EE3857E8138F}"
EndProject
Project("{2150E333-8FDC-42A3-9474-1A3956D46DE8}") = "Shared", "Shared", "{E6CC4CBF-4F3B-4CA8-B51B-DEB02FDCB401}"
EndProject
Project("{9A19103F-16F7-4668-BE54-9A1E7A4F7556}") = "Models", "Services\Order\Application\Models\Models.csproj", "{DE61C417-E59B-485A-AC15-0ACF7456E7D8}"
EndProject
Project("{2150E333-8FDC-42A3-9474-1A3956D46DE8}") = "Messaging", "Messaging", "{EA819855-7FFC-4BFB-81AD-518D7590FF91}"
EndProject
Project("{FAE04EC0-301F-11D3-BF4B-00C04F79EFBC}") = "RabbitMQService", "Services\Order\Infrastructure\Messaging\RabbitMQService\RabbitMQService.csproj", "{F99C0614-D002-4587-90FB-D24E7142F83D}"
EndProject
Project("{E53339B2-1760-4266-BCC7-CA923CBCF16C}") = "docker-compose", "docker-compose.dcproj", "{A90437E4-69EF-4B1A-B7A3-D04CB969CE71}"
EndProject
Global
	GlobalSection(SolutionConfigurationPlatforms) = preSolution
		Debug|Any CPU = Debug|Any CPU
		Release|Any CPU = Release|Any CPU
	EndGlobalSection
	GlobalSection(ProjectConfigurationPlatforms) = postSolution
		{55FCF5FE-7845-41F1-9E28-245CDE918A05}.Debug|Any CPU.ActiveCfg = Debug|Any CPU
		{55FCF5FE-7845-41F1-9E28-245CDE918A05}.Debug|Any CPU.Build.0 = Debug|Any CPU
		{55FCF5FE-7845-41F1-9E28-245CDE918A05}.Release|Any CPU.ActiveCfg = Release|Any CPU
		{55FCF5FE-7845-41F1-9E28-245CDE918A05}.Release|Any CPU.Build.0 = Release|Any CPU
		{540F60A2-BF5F-496F-AEA9-B4AD619BE640}.Debug|Any CPU.ActiveCfg = Debug|Any CPU
		{540F60A2-BF5F-496F-AEA9-B4AD619BE640}.Debug|Any CPU.Build.0 = Debug|Any CPU
		{540F60A2-BF5F-496F-AEA9-B4AD619BE640}.Release|Any CPU.ActiveCfg = Release|Any CPU
		{540F60A2-BF5F-496F-AEA9-B4AD619BE640}.Release|Any CPU.Build.0 = Release|Any CPU
		{4159FC75-9EE9-45BF-999A-EE3857E8138F}.Debug|Any CPU.ActiveCfg = Debug|Any CPU
		{4159FC75-9EE9-45BF-999A-EE3857E8138F}.Debug|Any CPU.Build.0 = Debug|Any CPU
		{4159FC75-9EE9-45BF-999A-EE3857E8138F}.Release|Any CPU.ActiveCfg = Release|Any CPU
		{4159FC75-9EE9-45BF-999A-EE3857E8138F}.Release|Any CPU.Build.0 = Release|Any CPU
		{DE61C417-E59B-485A-AC15-0ACF7456E7D8}.Debug|Any CPU.ActiveCfg = Debug|Any CPU
		{DE61C417-E59B-485A-AC15-0ACF7456E7D8}.Debug|Any CPU.Build.0 = Debug|Any CPU
		{DE61C417-E59B-485A-AC15-0ACF7456E7D8}.Release|Any CPU.ActiveCfg = Release|Any CPU
		{DE61C417-E59B-485A-AC15-0ACF7456E7D8}.Release|Any CPU.Build.0 = Release|Any CPU
		{F99C0614-D002-4587-90FB-D24E7142F83D}.Debug|Any CPU.ActiveCfg = Debug|Any CPU
		{F99C0614-D002-4587-90FB-D24E7142F83D}.Debug|Any CPU.Build.0 = Debug|Any CPU
		{F99C0614-D002-4587-90FB-D24E7142F83D}.Release|Any CPU.ActiveCfg = Release|Any CPU
		{F99C0614-D002-4587-90FB-D24E7142F83D}.Release|Any CPU.Build.0 = Release|Any CPU
		{A90437E4-69EF-4B1A-B7A3-D04CB969CE71}.Debug|Any CPU.ActiveCfg = Debug|Any CPU
		{A90437E4-69EF-4B1A-B7A3-D04CB969CE71}.Debug|Any CPU.Build.0 = Debug|Any CPU
		{A90437E4-69EF-4B1A-B7A3-D04CB969CE71}.Release|Any CPU.ActiveCfg = Release|Any CPU
		{A90437E4-69EF-4B1A-B7A3-D04CB969CE71}.Release|Any CPU.Build.0 = Release|Any CPU
	EndGlobalSection
	GlobalSection(SolutionProperties) = preSolution
		HideSolutionNode = FALSE
	EndGlobalSection
	GlobalSection(NestedProjects) = preSolution
		{89AED968-6022-4AA6-9ACF-661A98F5C97A} = {3EA77C80-A2A2-478F-90AC-D9BFE678BCBE}
		{55FCF5FE-7845-41F1-9E28-245CDE918A05} = {89AED968-6022-4AA6-9ACF-661A98F5C97A}
		{96EB55DD-A323-4C28-A6A5-8737D86541E0} = {3EA77C80-A2A2-478F-90AC-D9BFE678BCBE}
		{072097C1-C3D4-4D08-90B6-E437D4EC479D} = {96EB55DD-A323-4C28-A6A5-8737D86541E0}
		{66D25E83-D423-4ACB-89FC-B32D0C64BF6C} = {96EB55DD-A323-4C28-A6A5-8737D86541E0}
		{19DD89E4-A41D-4BB9-B79C-A4FFB0950C7D} = {96EB55DD-A323-4C28-A6A5-8737D86541E0}
		{540F60A2-BF5F-496F-AEA9-B4AD619BE640} = {072097C1-C3D4-4D08-90B6-E437D4EC479D}
		{4159FC75-9EE9-45BF-999A-EE3857E8138F} = {E6CC4CBF-4F3B-4CA8-B51B-DEB02FDCB401}
		{E6CC4CBF-4F3B-4CA8-B51B-DEB02FDCB401} = {3EA77C80-A2A2-478F-90AC-D9BFE678BCBE}
		{DE61C417-E59B-485A-AC15-0ACF7456E7D8} = {66D25E83-D423-4ACB-89FC-B32D0C64BF6C}
		{EA819855-7FFC-4BFB-81AD-518D7590FF91} = {19DD89E4-A41D-4BB9-B79C-A4FFB0950C7D}
		{F99C0614-D002-4587-90FB-D24E7142F83D} = {EA819855-7FFC-4BFB-81AD-518D7590FF91}
	EndGlobalSection
	GlobalSection(ExtensibilityGlobals) = postSolution
		SolutionGuid = {C24E9C0F-02E1-49EE-A7B8-559723FCDA22}
	EndGlobalSection
EndGlobal
